
Microsoft Visual Studio Solution File, Format Version 12.00
# Visual Studio Version 16
VisualStudioVersion = 16.0.29509.3
MinimumVisualStudioVersion = 10.0.40219.1
Project("{FAE04EC0-301F-11D3-BF4B-00C04F79EFBC}") = "Task_List_Web_API", "Task_List_Web_API.csproj", "{EC3B2272-C67F-4B3E-8441-439E1F9250CE}"
EndProject
Global
	GlobalSection(SolutionConfigurationPlatforms) = preSolution
		Debug|Any CPU = Debug|Any CPU
		Release|Any CPU = Release|Any CPU
	EndGlobalSection
	GlobalSection(ProjectConfigurationPlatforms) = postSolution
		{EC3B2272-C67F-4B3E-8441-439E1F9250CE}.Debug|Any CPU.ActiveCfg = Debug|Any CPU
		{EC3B2272-C67F-4B3E-8441-439E1F9250CE}.Debug|Any CPU.Build.0 = Debug|Any CPU
		{EC3B2272-C67F-4B3E-8441-439E1F9250CE}.Release|Any CPU.ActiveCfg = Release|Any CPU
		{EC3B2272-C67F-4B3E-8441-439E1F9250CE}.Release|Any CPU.Build.0 = Release|Any CPU
	EndGlobalSection
	GlobalSection(SolutionProperties) = preSolution
		HideSolutionNode = FALSE
	EndGlobalSection
	GlobalSection(ExtensibilityGlobals) = postSolution
		SolutionGuid = {C3F6318C-BBFF-40CD-9E87-18CB525CD439}
	EndGlobalSection
EndGlobal
